// !$*UTF8*$!
{
	archiveVersion = 1;
	classes = {
	};
	objectVersion = 46;
	objects = {

/* Begin PBXBuildFile section */
		E3E254671D77D41200ACE792 /* AppDelegate.swift in Sources */ = {isa = PBXBuildFile; fileRef = E3E254661D77D41200ACE792 /* AppDelegate.swift */; };
		E3E254691D77D41200ACE792 /* ViewController.swift in Sources */ = {isa = PBXBuildFile; fileRef = E3E254681D77D41200ACE792 /* ViewController.swift */; };
		E3E2546C1D77D41200ACE792 /* Main.storyboard in Resources */ = {isa = PBXBuildFile; fileRef = E3E2546A1D77D41200ACE792 /* Main.storyboard */; };
		E3E2546E1D77D41200ACE792 /* Assets.xcassets in Resources */ = {isa = PBXBuildFile; fileRef = E3E2546D1D77D41200ACE792 /* Assets.xcassets */; };
		E3E254711D77D41200ACE792 /* LaunchScreen.storyboard in Resources */ = {isa = PBXBuildFile; fileRef = E3E2546F1D77D41200ACE792 /* LaunchScreen.storyboard */; };
/* End PBXBuildFile section */

/* Begin PBXFileReference section */
		E3E254631D77D41200ACE792 /* PalendromeSwift.app */ = {isa = PBXFileReference; explicitFileType = wrapper.application; includeInIndex = 0; path = PalendromeSwift.app; sourceTree = BUILT_PRODUCTS_DIR; };
		E3E254661D77D41200ACE792 /* AppDelegate.swift */ = {isa = PBXFileReference; lastKnownFileType = sourcecode.swift; path = AppDelegate.swift; sourceTree = "<group>"; };
		E3E254681D77D41200ACE792 /* ViewController.swift */ = {isa = PBXFileReference; lastKnownFileType = sourcecode.swift; path = ViewController.swift; sourceTree = "<group>"; };
		E3E2546B1D77D41200ACE792 /* Base */ = {isa = PBXFileReference; lastKnownFileType = file.storyboard; name = Base; path = Base.lproj/Main.storyboard; sourceTree = "<group>"; };
		E3E2546D1D77D41200ACE792 /* Assets.xcassets */ = {isa = PBXFileReference; lastKnownFileType = folder.assetcatalog; path = Assets.xcassets; sourceTree = "<group>"; };
		E3E254701D77D41200ACE792 /* Base */ = {isa = PBXFileReference; lastKnownFileType = file.storyboard; name = Base; path = Base.lproj/LaunchScreen.storyboard; sourceTree = "<group>"; };
		E3E254721D77D41200ACE792 /* Info.plist */ = {isa = PBXFileReference; lastKnownFileType = text.plist.xml; path = Info.plist; sourceTree = "<group>"; };
/* End PBXFileReference section */

/* Begin PBXFrameworksBuildPhase section */
		E3E254601D77D41200ACE792 /* Frameworks */ = {
			isa = PBXFrameworksBuildPhase;
			buildActionMask = 2147483647;
			files = (
			);
			runOnlyForDeploymentPostprocessing = 0;
		};
/* End PBXFrameworksBuildPhase section */

/* Begin PBXGroup section */
		E3E2545A1D77D41200ACE792 = {
			isa = PBXGroup;
			children = (
				E3E254651D77D41200ACE792 /* PalendromeSwift */,
				E3E254641D77D41200ACE792 /* Products */,
			);
			sourceTree = "<group>";
		};
		E3E254641D77D41200ACE792 /* Products */ = {
			isa = PBXGroup;
			children = (
				E3E254631D77D41200ACE792 /* PalendromeSwift.app */,
			);
			name = Products;
			sourceTree = "<group>";
		};
		E3E254651D77D41200ACE792 /* PalendromeSwift */ = {
			isa = PBXGroup;
			children = (
				E3E254661D77D41200ACE792 /* AppDelegate.swift */,
				E3E254681D77D41200ACE792 /* ViewController.swift */,
				E3E2546A1D77D41200ACE792 /* Main.storyboard */,
				E3E2546D1D77D41200ACE792 /* Assets.xcassets */,
				E3E2546F1D77D41200ACE792 /* LaunchScreen.storyboard */,
				E3E254721D77D41200ACE792 /* Info.plist */,
			);
			path = PalendromeSwift;
			sourceTree = "<group>";
		};
/* End PBXGroup section */

/* Begin PBXNativeTarget section */
		E3E254621D77D41200ACE792 /* PalendromeSwift */ = {
			isa = PBXNativeTarget;
			buildConfigurationList = E3E254751D77D41200ACE792 /* Build configuration list for PBXNativeTarget "PalendromeSwift" */;
			buildPhases = (
				E3E2545F1D77D41200ACE792 /* Sources */,
				E3E254601D77D41200ACE792 /* Frameworks */,
				E3E254611D77D41200ACE792 /* Resources */,
			);
			buildRules = (
			);
			dependencies = (
			);
			name = PalendromeSwift;
			productName = PalendromeSwift;
			productReference = E3E254631D77D41200ACE792 /* PalendromeSwift.app */;
			productType = "com.apple.product-type.application";
		};
/* End PBXNativeTarget section */

/* Begin PBXProject section */
		E3E2545B1D77D41200ACE792 /* Project object */ = {
			isa = PBXProject;
			attributes = {
				LastSwiftUpdateCheck = 0730;
				LastUpgradeCheck = 0730;
				ORGANIZATIONNAME = k_sabbak;
				TargetAttributes = {
					E3E254621D77D41200ACE792 = {
						CreatedOnToolsVersion = 7.3.1;
					};
				};
			};
			buildConfigurationList = E3E2545E1D77D41200ACE792 /* Build configuration list for PBXProject "PalendromeSwift" */;
			compatibilityVersion = "Xcode 3.2";
			developmentRegion = English;
			hasScannedForEncodings = 0;
			knownRegions = (
				en,
				Base,
			);
			mainGroup = E3E2545A1D77D41200ACE792;
			productRefGroup = E3E254641D77D41200ACE792 /* Products */;
			projectDirPath = "";
			projectRoot = "";
			targets = (
				E3E254621D77D41200ACE792 /* PalendromeSwift */,
			);
		};
/* End PBXProject section */

/* Begin PBXResourcesBuildPhase section */
		E3E254611D77D41200ACE792 /* Resources */ = {
			isa = PBXResourcesBuildPhase;
			buildActionMask = 2147483647;
			files = (
				E3E254711D77D41200ACE792 /* LaunchScreen.storyboard in Resources */,
				E3E2546E1D77D41200ACE792 /* Assets.xcassets in Resources */,
				E3E2546C1D77D41200ACE792 /* Main.storyboard in Resources */,
			);
			runOnlyForDeploymentPostprocessing = 0;
		};
/* End PBXResourcesBuildPhase section */

/* Begin PBXSourcesBuildPhase section */
		E3E2545F1D77D41200ACE792 /* Sources */ = {
			isa = PBXSourcesBuildPhase;
			buildActionMask = 2147483647;
			files = (
				E3E254691D77D41200ACE792 /* ViewController.swift in Sources */,
				E3E254671D77D41200ACE792 /* AppDelegate.swift in Sources */,
			);
			runOnlyForDeploymentPostprocessing = 0;
		};
/* End PBXSourcesBuildPhase section */

/* Begin PBXVariantGroup section */
		E3E2546A1D77D41200ACE792 /* Main.storyboard */ = {
			isa = PBXVariantGroup;
			children = (
				E3E2546B1D77D41200ACE792 /* Base */,
			);
			name = Main.storyboard;
			sourceTree = "<group>";
		};
		E3E2546F1D77D41200ACE792 /* LaunchScreen.storyboard */ = {
			isa = PBXVariantGroup;
			children = (
				E3E254701D77D41200ACE792 /* Base */,
			);
			name = LaunchScreen.storyboard;
			sourceTree = "<group>";
		};
/* End PBXVariantGroup section */

/* Begin XCBuildConfiguration section */
		E3E254731D77D41200ACE792 /* Debug */ = {
			isa = XCBuildConfiguration;
			buildSettings = {
				ALWAYS_SEARCH_USER_PATHS = NO;
				CLANG_ANALYZER_NONNULL = YES;
				CLANG_CXX_LANGUAGE_STANDARD = "gnu++0x";
				CLANG_CXX_LIBRARY = "libc++";
				CLANG_ENABLE_MODULES = YES;
				CLANG_ENABLE_OBJC_ARC = YES;
				CLANG_WARN_BOOL_CONVERSION = YES;
				CLANG_WARN_CONSTANT_CONVERSION = YES;
				CLANG_WARN_DIRECT_OBJC_ISA_USAGE = YES_ERROR;
				CLANG_WARN_EMPTY_BODY = YES;
				CLANG_WARN_ENUM_CONVERSION = YES;
				CLANG_WARN_INT_CONVERSION = YES;
				CLANG_WARN_OBJC_ROOT_CLASS = YES_ERROR;
				CLANG_WARN_UNREACHABLE_CODE = YES;
				CLANG_WARN__DUPLICATE_METHOD_MATCH = YES;
				"CODE_SIGN_IDENTITY[sdk=iphoneos*]" = "iPhone Developer";
				COPY_PHASE_STRIP = NO;
				DEBUG_INFORMATION_FORMAT = dwarf;
				ENABLE_STRICT_OBJC_MSGSEND = YES;
				ENABLE_TESTABILITY = YES;
				GCC_C_LANGUAGE_STANDARD = gnu99;
				GCC_DYNAMIC_NO_PIC = NO;
				GCC_NO_COMMON_BLOCKS = YES;
				GCC_OPTIMIZATION_LEVEL = 0;
				GCC_PREPROCESSOR_DEFINITIONS = (
					"DEBUG=1",
					"$(inherited)",
				);
				GCC_WARN_64_TO_32_BIT_CONVERSION = YES;
				GCC_WARN_ABOUT_RETURN_TYPE = YES_ERROR;
				GCC_WARN_UNDECLARED_SELECTOR = YES;
				GCC_WARN_UNINITIALIZED_AUTOS = YES_AGGRESSIVE;
				GCC_WARN_UNUSED_FUNCTION = YES;
				GCC_WARN_UNUSED_VARIABLE = YES;
				IPHONEOS_DEPLOYMENT_TARGET = 9.3;
				MTL_ENABLE_DEBUG_INFO = YES;
				ONLY_ACTIVE_ARCH = YES;
				SDKROOT = iphoneos;
				SWIFT_OPTIMIZATION_LEVEL = "-Onone";
				TARGETED_DEVICE_FAMILY = "1,2";
			};
			name = Debug;
		};
		E3E254741D77D41200ACE792 /* Release */ = {
			isa = XCBuildConfiguration;
			buildSettings = {
				ALWAYS_SEARCH_USER_PATHS = NO;
				CLANG_ANALYZER_NONNULL = YES;
				CLANG_CXX_LANGUAGE_STANDARD = "gnu++0x";
				CLANG_CXX_LIBRARY = "libc++";
				CLANG_ENABLE_MODULES = YES;
				CLANG_ENABLE_OBJC_ARC = YES;
				CLANG_WARN_BOOL_CONVERSION = YES;
				CLANG_WARN_CONSTANT_CONVERSION = YES;
				CLANG_WARN_DIRECT_OBJC_ISA_USAGE = YES_ERROR;
				CLANG_WARN_EMPTY_BODY = YES;
				CLANG_WARN_ENUM_CONVERSION = YES;
				CLANG_WARN_INT_CONVERSION = YES;
				CLANG_WARN_OBJC_ROOT_CLASS = YES_ERROR;
				CLANG_WARN_UNREACHABLE_CODE = YES;
				CLANG_WARN__DUPLICATE_METHOD_MATCH = YES;
				"CODE_SIGN_IDENTITY[sdk=iphoneos*]" = "iPhone Developer";
				COPY_PHASE_STRIP = NO;
				DEBUG_INFORMATION_FORMAT = "dwarf-with-dsym";
				ENABLE_NS_ASSERTIONS = NO;
				ENABLE_STRICT_OBJC_MSGSEND = YES;
				GCC_C_LANGUAGE_STANDARD = gnu99;
				GCC_NO_COMMON_BLOCKS = YES;
				GCC_WARN_64_TO_32_BIT_CONVERSION = YES;
				GCC_WARN_ABOUT_RETURN_TYPE = YES_ERROR;
				GCC_WARN_UNDECLARED_SELECTOR = YES;
				GCC_WARN_UNINITIALIZED_AUTOS = YES_AGGRESSIVE;
				GCC_WARN_UNUSED_FUNCTION = YES;
				GCC_WARN_UNUSED_VARIABLE = YES;
				IPHONEOS_DEPLOYMENT_TARGET = 9.3;
				MTL_ENABLE_DEBUG_INFO = NO;
				SDKROOT = iphoneos;
				TARGETED_DEVICE_FAMILY = "1,2";
				VALIDATE_PRODUCT = YES;
			};
			name = Release;
		};
		E3E254761D77D41200ACE792 /* Debug */ = {
			isa = XCBuildConfiguration;
			buildSettings = {
				ASSETCATALOG_COMPILER_APPICON_NAME = AppIcon;
				INFOPLIST_FILE = PalendromeSwift/Info.plist;
				LD_RUNPATH_SEARCH_PATHS = "$(inherited) @executable_path/Frameworks";
				PRODUCT_BUNDLE_IDENTIFIER = com.ksabbak.PalendromeSwift;
				PRODUCT_NAME = "$(TARGET_NAME)";
			};
			name = Debug;
		};
		E3E254771D77D41200ACE792 /* Release */ = {
			isa = XCBuildConfiguration;
			buildSettings = {
				ASSETCATALOG_COMPILER_APPICON_NAME = AppIcon;
				INFOPLIST_FILE = PalendromeSwift/Info.plist;
				LD_RUNPATH_SEARCH_PATHS = "$(inherited) @executable_path/Frameworks";
				PRODUCT_BUNDLE_IDENTIFIER = com.ksabbak.PalendromeSwift;
				PRODUCT_NAME = "$(TARGET_NAME)";
			};
			name = Release;
		};
/* End XCBuildConfiguration section */

/* Begin XCConfigurationList section */
		E3E2545E1D77D41200ACE792 /* Build configuration list for PBXProject "PalendromeSwift" */ = {
			isa = XCConfigurationList;
			buildConfigurations = (
				E3E254731D77D41200ACE792 /* Debug */,
				E3E254741D77D41200ACE792 /* Release */,
			);
			defaultConfigurationIsVisible = 0;
			defaultConfigurationName = Release;
		};
		E3E254751D77D41200ACE792 /* Build configuration list for PBXNativeTarget "PalendromeSwift" */ = {
			isa = XCConfigurationList;
			buildConfigurations = (
				E3E254761D77D41200ACE792 /* Debug */,
				E3E254771D77D41200ACE792 /* Release */,
			);
			defaultConfigurationIsVisible = 0;
		};
/* End XCConfigurationList section */
	};
	rootObject = E3E2545B1D77D41200ACE792 /* Project object */;
}
